# This file is autogenerated, do not edit; changes may be undone by the next 'dep ensure'.


[[projects]]
  name = "github.com/Sirupsen/logrus"
  packages = ["."]
  revision = "c155da19408a8799da419ed3eeb0cb5db0ad5dbc"
  version = "v1.0.5"

[[projects]]
  branch = "master"
  name = "github.com/akshaykarle/go-mongodbatlas"
  packages = ["mongodbatlas"]
  revision = "b0590495bad7d1158fee18fc2ed75c2fb2e7fda3"

[[projects]]
  name = "github.com/dghubble/sling"
  packages = ["."]
  revision = "eb56e89ac5088bebb12eef3cb4b293300f43608b"
  version = "v1.1.0"

[[projects]]
  branch = "master"
  name = "github.com/facebookgo/clock"
  packages = ["."]
  revision = "600d898af40aa09a7a93ecb9265d87b0504b6f03"

[[projects]]
  branch = "master"
  name = "github.com/facebookgo/limitgroup"
  packages = ["."]
  revision = "6abd8d71ec01451d7f1929eacaa263bbe2935d05"

[[projects]]
  branch = "master"
  name = "github.com/facebookgo/muster"
  packages = ["."]
  revision = "fd3d7953fd52354a74b9f6b3d70d0c9650c4ec2a"

[[projects]]
  branch = "master"
  name = "github.com/google/go-querystring"
  packages = ["query"]
  revision = "53e6ce116135b80d037921a7fdd5138cf32d7a8a"

[[projects]]
  branch = "master"
  name = "github.com/honeycombio/honeytail"
  packages = [
    "event",
    "httime",
    "parsers",
    "parsers/mongodb"
  ]
  revision = "c8bb2b4696df4e2ac84109eb9143a1abaccf1a45"

[[projects]]
  name = "github.com/honeycombio/libhoney-go"
  packages = ["."]
  revision = "e755864773cd05ccfa024a882d80b1a42d6b6a5b"
  version = "v1.6.0"

[[projects]]
  branch = "master"
  name = "github.com/honeycombio/mongodbtools"
  packages = [
    "logparser",
    "logparser/internal/logparser",
    "queryshape",
    "queryshape/internal/queryshape"
  ]
  revision = "358295c47f6829ef176ffb92d91a340b7be36786"

[[projects]]
  name = "github.com/jessevdk/go-flags"
  packages = ["."]
  revision = "c6ca198ec95c841fdb89fc0de7496fed11ab854e"
  version = "v1.4.0"

[[projects]]
  name = "github.com/xinsnake/go-http-digest-auth-client"
  packages = ["."]
  revision = "9da83de55d71220f00cbffb736dba373e6e683b1"
  version = "v0.4.0"

[[projects]]
  branch = "master"
  name = "golang.org/x/crypto"
  packages = ["ssh/terminal"]
  revision = "a49355c7e3f8fe157a85be2f77e6e269a0f89602"

[[projects]]
  branch = "master"
  name = "golang.org/x/sys"
  packages = [
    "unix",
    "windows"
  ]
  revision = "7138fd3d9dc8335c567ca206f4333fb75eb05d56"

[[projects]]
  name = "gopkg.in/alexcesaro/statsd.v2"
  packages = ["."]
  revision = "7fea3f0d2fab1ad973e641e51dba45443a311a90"
  version = "v2.0.0"

[solve-meta]
  analyzer-name = "dep"
  analyzer-version = 1
  inputs-digest = "488aa960af638550d82b46f6963e9dddaf6ee973f6e9e66dd12aefc929f242cd"
  solver-name = "gps-cdcl"
  solver-version = 1
